// !$*UTF8*$!
{
	archiveVersion = 1;
	classes = {
	};
	objectVersion = 56;
	objects = {

/* Begin PBXBuildFile section */
		069B5A6ABEC6F05DCFB07A78 /* Pods_CompanyAPI.framework in Frameworks */ = {isa = PBXBuildFile; fileRef = 492780DE8D2D35CE49615A03 /* Pods_CompanyAPI.framework */; };
		7B88C0C629C6845200AAD1C9 /* AppDelegate.swift in Sources */ = {isa = PBXBuildFile; fileRef = 7B88C0C529C6845200AAD1C9 /* AppDelegate.swift */; };
		7B88C0C829C6845200AAD1C9 /* SceneDelegate.swift in Sources */ = {isa = PBXBuildFile; fileRef = 7B88C0C729C6845200AAD1C9 /* SceneDelegate.swift */; };
		7B88C0CA29C6845200AAD1C9 /* ViewController.swift in Sources */ = {isa = PBXBuildFile; fileRef = 7B88C0C929C6845200AAD1C9 /* ViewController.swift */; };
		7B88C0CD29C6845200AAD1C9 /* Main.storyboard in Resources */ = {isa = PBXBuildFile; fileRef = 7B88C0CB29C6845200AAD1C9 /* Main.storyboard */; };
		7B88C0CF29C6845500AAD1C9 /* Assets.xcassets in Resources */ = {isa = PBXBuildFile; fileRef = 7B88C0CE29C6845500AAD1C9 /* Assets.xcassets */; };
		7B88C0D229C6845500AAD1C9 /* LaunchScreen.storyboard in Resources */ = {isa = PBXBuildFile; fileRef = 7B88C0D029C6845500AAD1C9 /* LaunchScreen.storyboard */; };
		7B88C0DA29C684DC00AAD1C9 /* Constant.swift in Sources */ = {isa = PBXBuildFile; fileRef = 7B88C0D929C684DC00AAD1C9 /* Constant.swift */; };
/* End PBXBuildFile section */

/* Begin PBXFileReference section */
		1EB788460DBD33BE6BA5041C /* Pods-CompanyAPI.release.xcconfig */ = {isa = PBXFileReference; includeInIndex = 1; lastKnownFileType = text.xcconfig; name = "Pods-CompanyAPI.release.xcconfig"; path = "Target Support Files/Pods-CompanyAPI/Pods-CompanyAPI.release.xcconfig"; sourceTree = "<group>"; };
		492780DE8D2D35CE49615A03 /* Pods_CompanyAPI.framework */ = {isa = PBXFileReference; explicitFileType = wrapper.framework; includeInIndex = 0; path = Pods_CompanyAPI.framework; sourceTree = BUILT_PRODUCTS_DIR; };
		7B88C0C229C6845200AAD1C9 /* CompanyAPI.app */ = {isa = PBXFileReference; explicitFileType = wrapper.application; includeInIndex = 0; path = CompanyAPI.app; sourceTree = BUILT_PRODUCTS_DIR; };
		7B88C0C529C6845200AAD1C9 /* AppDelegate.swift */ = {isa = PBXFileReference; lastKnownFileType = sourcecode.swift; path = AppDelegate.swift; sourceTree = "<group>"; };
		7B88C0C729C6845200AAD1C9 /* SceneDelegate.swift */ = {isa = PBXFileReference; lastKnownFileType = sourcecode.swift; path = SceneDelegate.swift; sourceTree = "<group>"; };
		7B88C0C929C6845200AAD1C9 /* ViewController.swift */ = {isa = PBXFileReference; lastKnownFileType = sourcecode.swift; path = ViewController.swift; sourceTree = "<group>"; };
		7B88C0CC29C6845200AAD1C9 /* Base */ = {isa = PBXFileReference; lastKnownFileType = file.storyboard; name = Base; path = Base.lproj/Main.storyboard; sourceTree = "<group>"; };
		7B88C0CE29C6845500AAD1C9 /* Assets.xcassets */ = {isa = PBXFileReference; lastKnownFileType = folder.assetcatalog; path = Assets.xcassets; sourceTree = "<group>"; };
		7B88C0D129C6845500AAD1C9 /* Base */ = {isa = PBXFileReference; lastKnownFileType = file.storyboard; name = Base; path = Base.lproj/LaunchScreen.storyboard; sourceTree = "<group>"; };
		7B88C0D329C6845500AAD1C9 /* Info.plist */ = {isa = PBXFileReference; lastKnownFileType = text.plist.xml; path = Info.plist; sourceTree = "<group>"; };
		7B88C0D929C684DC00AAD1C9 /* Constant.swift */ = {isa = PBXFileReference; lastKnownFileType = sourcecode.swift; path = Constant.swift; sourceTree = "<group>"; };
		B764EB25E305ED0C08E23720 /* Pods-CompanyAPI.debug.xcconfig */ = {isa = PBXFileReference; includeInIndex = 1; lastKnownFileType = text.xcconfig; name = "Pods-CompanyAPI.debug.xcconfig"; path = "Target Support Files/Pods-CompanyAPI/Pods-CompanyAPI.debug.xcconfig"; sourceTree = "<group>"; };
/* End PBXFileReference section */

/* Begin PBXFrameworksBuildPhase section */
		7B88C0BF29C6845200AAD1C9 /* Frameworks */ = {
			isa = PBXFrameworksBuildPhase;
			buildActionMask = 2147483647;
			files = (
				069B5A6ABEC6F05DCFB07A78 /* Pods_CompanyAPI.framework in Frameworks */,
			);
			runOnlyForDeploymentPostprocessing = 0;
		};
/* End PBXFrameworksBuildPhase section */

/* Begin PBXGroup section */
		3B52A78007D16BB49FE58277 /* Frameworks */ = {
			isa = PBXGroup;
			children = (
				492780DE8D2D35CE49615A03 /* Pods_CompanyAPI.framework */,
			);
			name = Frameworks;
			sourceTree = "<group>";
		};
		3BB2B3EF1BFCE0866EE2F7E7 /* Pods */ = {
			isa = PBXGroup;
			children = (
				B764EB25E305ED0C08E23720 /* Pods-CompanyAPI.debug.xcconfig */,
				1EB788460DBD33BE6BA5041C /* Pods-CompanyAPI.release.xcconfig */,
			);
			path = Pods;
			sourceTree = "<group>";
		};
		7B88C0B929C6845200AAD1C9 = {
			isa = PBXGroup;
			children = (
				7B88C0C429C6845200AAD1C9 /* CompanyAPI */,
				7B88C0C329C6845200AAD1C9 /* Products */,
				3BB2B3EF1BFCE0866EE2F7E7 /* Pods */,
				3B52A78007D16BB49FE58277 /* Frameworks */,
			);
			sourceTree = "<group>";
		};
		7B88C0C329C6845200AAD1C9 /* Products */ = {
			isa = PBXGroup;
			children = (
				7B88C0C229C6845200AAD1C9 /* CompanyAPI.app */,
			);
			name = Products;
			sourceTree = "<group>";
		};
		7B88C0C429C6845200AAD1C9 /* CompanyAPI */ = {
			isa = PBXGroup;
			children = (
				7B88C0C529C6845200AAD1C9 /* AppDelegate.swift */,
				7B88C0C729C6845200AAD1C9 /* SceneDelegate.swift */,
				7B88C0C929C6845200AAD1C9 /* ViewController.swift */,
				7B88C0CB29C6845200AAD1C9 /* Main.storyboard */,
				7B88C0CE29C6845500AAD1C9 /* Assets.xcassets */,
				7B88C0D029C6845500AAD1C9 /* LaunchScreen.storyboard */,
				7B88C0D329C6845500AAD1C9 /* Info.plist */,
				7B88C0D929C684DC00AAD1C9 /* Constant.swift */,
			);
			path = CompanyAPI;
			sourceTree = "<group>";
		};
/* End PBXGroup section */

/* Begin PBXNativeTarget section */
		7B88C0C129C6845200AAD1C9 /* CompanyAPI */ = {
			isa = PBXNativeTarget;
			buildConfigurationList = 7B88C0D629C6845500AAD1C9 /* Build configuration list for PBXNativeTarget "CompanyAPI" */;
			buildPhases = (
				28169B79072CD0E94A49E3CC /* [CP] Check Pods Manifest.lock */,
				7B88C0BE29C6845200AAD1C9 /* Sources */,
				7B88C0BF29C6845200AAD1C9 /* Frameworks */,
				7B88C0C029C6845200AAD1C9 /* Resources */,
				935EE1D84FC25FCED175A3CB /* [CP] Embed Pods Frameworks */,
			);
			buildRules = (
			);
			dependencies = (
			);
			name = CompanyAPI;
			productName = CompanyAPI;
			productReference = 7B88C0C229C6845200AAD1C9 /* CompanyAPI.app */;
			productType = "com.apple.product-type.application";
		};
/* End PBXNativeTarget section */

/* Begin PBXProject section */
		7B88C0BA29C6845200AAD1C9 /* Project object */ = {
			isa = PBXProject;
			attributes = {
				BuildIndependentTargetsInParallel = 1;
				LastSwiftUpdateCheck = 1420;
				LastUpgradeCheck = 1420;
				TargetAttributes = {
					7B88C0C129C6845200AAD1C9 = {
						CreatedOnToolsVersion = 14.2;
					};
				};
			};
			buildConfigurationList = 7B88C0BD29C6845200AAD1C9 /* Build configuration list for PBXProject "CompanyAPI" */;
			compatibilityVersion = "Xcode 14.0";
			developmentRegion = en;
			hasScannedForEncodings = 0;
			knownRegions = (
				en,
				Base,
			);
			mainGroup = 7B88C0B929C6845200AAD1C9;
			productRefGroup = 7B88C0C329C6845200AAD1C9 /* Products */;
			projectDirPath = "";
			projectRoot = "";
			targets = (
				7B88C0C129C6845200AAD1C9 /* CompanyAPI */,
			);
		};
/* End PBXProject section */

/* Begin PBXResourcesBuildPhase section */
		7B88C0C029C6845200AAD1C9 /* Resources */ = {
			isa = PBXResourcesBuildPhase;
			buildActionMask = 2147483647;
			files = (
				7B88C0D229C6845500AAD1C9 /* LaunchScreen.storyboard in Resources */,
				7B88C0CF29C6845500AAD1C9 /* Assets.xcassets in Resources */,
				7B88C0CD29C6845200AAD1C9 /* Main.storyboard in Resources */,
			);
			runOnlyForDeploymentPostprocessing = 0;
		};
/* End PBXResourcesBuildPhase section */

/* Begin PBXShellScriptBuildPhase section */
		28169B79072CD0E94A49E3CC /* [CP] Check Pods Manifest.lock */ = {
			isa = PBXShellScriptBuildPhase;
			buildActionMask = 2147483647;
			files = (
			);
			inputFileListPaths = (
			);
			inputPaths = (
				"${PODS_PODFILE_DIR_PATH}/Podfile.lock",
				"${PODS_ROOT}/Manifest.lock",
			);
			name = "[CP] Check Pods Manifest.lock";
			outputFileListPaths = (
			);
			outputPaths = (
				"$(DERIVED_FILE_DIR)/Pods-CompanyAPI-checkManifestLockResult.txt",
			);
			runOnlyForDeploymentPostprocessing = 0;
			shellPath = /bin/sh;
			shellScript = "diff \"${PODS_PODFILE_DIR_PATH}/Podfile.lock\" \"${PODS_ROOT}/Manifest.lock\" > /dev/null\nif [ $? != 0 ] ; then\n    # print error to STDERR\n    echo \"error: The sandbox is not in sync with the Podfile.lock. Run 'pod install' or update your CocoaPods installation.\" >&2\n    exit 1\nfi\n# This output is used by Xcode 'outputs' to avoid re-running this script phase.\necho \"SUCCESS\" > \"${SCRIPT_OUTPUT_FILE_0}\"\n";
			showEnvVarsInLog = 0;
		};
		935EE1D84FC25FCED175A3CB /* [CP] Embed Pods Frameworks */ = {
			isa = PBXShellScriptBuildPhase;
			buildActionMask = 2147483647;
			files = (
			);
			inputFileListPaths = (
				"${PODS_ROOT}/Target Support Files/Pods-CompanyAPI/Pods-CompanyAPI-frameworks-${CONFIGURATION}-input-files.xcfilelist",
			);
			name = "[CP] Embed Pods Frameworks";
			outputFileListPaths = (
				"${PODS_ROOT}/Target Support Files/Pods-CompanyAPI/Pods-CompanyAPI-frameworks-${CONFIGURATION}-output-files.xcfilelist",
			);
			runOnlyForDeploymentPostprocessing = 0;
			shellPath = /bin/sh;
			shellScript = "\"${PODS_ROOT}/Target Support Files/Pods-CompanyAPI/Pods-CompanyAPI-frameworks.sh\"\n";
			showEnvVarsInLog = 0;
		};
/* End PBXShellScriptBuildPhase section */

/* Begin PBXSourcesBuildPhase section */
		7B88C0BE29C6845200AAD1C9 /* Sources */ = {
			isa = PBXSourcesBuildPhase;
			buildActionMask = 2147483647;
			files = (
				7B88C0CA29C6845200AAD1C9 /* ViewController.swift in Sources */,
				7B88C0C629C6845200AAD1C9 /* AppDelegate.swift in Sources */,
				7B88C0C829C6845200AAD1C9 /* SceneDelegate.swift in Sources */,
				7B88C0DA29C684DC00AAD1C9 /* Constant.swift in Sources */,
			);
			runOnlyForDeploymentPostprocessing = 0;
		};
/* End PBXSourcesBuildPhase section */

/* Begin PBXVariantGroup section */
		7B88C0CB29C6845200AAD1C9 /* Main.storyboard */ = {
			isa = PBXVariantGroup;
			children = (
				7B88C0CC29C6845200AAD1C9 /* Base */,
			);
			name = Main.storyboard;
			sourceTree = "<group>";
		};
		7B88C0D029C6845500AAD1C9 /* LaunchScreen.storyboard */ = {
			isa = PBXVariantGroup;
			children = (
				7B88C0D129C6845500AAD1C9 /* Base */,
			);
			name = LaunchScreen.storyboard;
			sourceTree = "<group>";
		};
/* End PBXVariantGroup section */

/* Begin XCBuildConfiguration section */
		7B88C0D429C6845500AAD1C9 /* Debug */ = {
			isa = XCBuildConfiguration;
			buildSettings = {
				ALWAYS_SEARCH_USER_PATHS = NO;
				CLANG_ANALYZER_NONNULL = YES;
				CLANG_ANALYZER_NUMBER_OBJECT_CONVERSION = YES_AGGRESSIVE;
				CLANG_CXX_LANGUAGE_STANDARD = "gnu++20";
				CLANG_ENABLE_MODULES = YES;
				CLANG_ENABLE_OBJC_ARC = YES;
				CLANG_ENABLE_OBJC_WEAK = YES;
				CLANG_WARN_BLOCK_CAPTURE_AUTORELEASING = YES;
				CLANG_WARN_BOOL_CONVERSION = YES;
				CLANG_WARN_COMMA = YES;
				CLANG_WARN_CONSTANT_CONVERSION = YES;
				CLANG_WARN_DEPRECATED_OBJC_IMPLEMENTATIONS = YES;
				CLANG_WARN_DIRECT_OBJC_ISA_USAGE = YES_ERROR;
				CLANG_WARN_DOCUMENTATION_COMMENTS = YES;
				CLANG_WARN_EMPTY_BODY = YES;
				CLANG_WARN_ENUM_CONVERSION = YES;
				CLANG_WARN_INFINITE_RECURSION = YES;
				CLANG_WARN_INT_CONVERSION = YES;
				CLANG_WARN_NON_LITERAL_NULL_CONVERSION = YES;
				CLANG_WARN_OBJC_IMPLICIT_RETAIN_SELF = YES;
				CLANG_WARN_OBJC_LITERAL_CONVERSION = YES;
				CLANG_WARN_OBJC_ROOT_CLASS = YES_ERROR;
				CLANG_WARN_QUOTED_INCLUDE_IN_FRAMEWORK_HEADER = YES;
				CLANG_WARN_RANGE_LOOP_ANALYSIS = YES;
				CLANG_WARN_STRICT_PROTOTYPES = YES;
				CLANG_WARN_SUSPICIOUS_MOVE = YES;
				CLANG_WARN_UNGUARDED_AVAILABILITY = YES_AGGRESSIVE;
				CLANG_WARN_UNREACHABLE_CODE = YES;
				CLANG_WARN__DUPLICATE_METHOD_MATCH = YES;
				COPY_PHASE_STRIP = NO;
				DEBUG_INFORMATION_FORMAT = dwarf;
				ENABLE_STRICT_OBJC_MSGSEND = YES;
				ENABLE_TESTABILITY = YES;
				GCC_C_LANGUAGE_STANDARD = gnu11;
				GCC_DYNAMIC_NO_PIC = NO;
				GCC_NO_COMMON_BLOCKS = YES;
				GCC_OPTIMIZATION_LEVEL = 0;
				GCC_PREPROCESSOR_DEFINITIONS = (
					"DEBUG=1",
					"$(inherited)",
				);
				GCC_WARN_64_TO_32_BIT_CONVERSION = YES;
				GCC_WARN_ABOUT_RETURN_TYPE = YES_ERROR;
				GCC_WARN_UNDECLARED_SELECTOR = YES;
				GCC_WARN_UNINITIALIZED_AUTOS = YES_AGGRESSIVE;
				GCC_WARN_UNUSED_FUNCTION = YES;
				GCC_WARN_UNUSED_VARIABLE = YES;
				IPHONEOS_DEPLOYMENT_TARGET = 16.2;
				MTL_ENABLE_DEBUG_INFO = INCLUDE_SOURCE;
				MTL_FAST_MATH = YES;
				ONLY_ACTIVE_ARCH = YES;
				SDKROOT = iphoneos;
				SWIFT_ACTIVE_COMPILATION_CONDITIONS = DEBUG;
				SWIFT_OPTIMIZATION_LEVEL = "-Onone";
			};
			name = Debug;
		};
		7B88C0D529C6845500AAD1C9 /* Release */ = {
			isa = XCBuildConfiguration;
			buildSettings = {
				ALWAYS_SEARCH_USER_PATHS = NO;
				CLANG_ANALYZER_NONNULL = YES;
				CLANG_ANALYZER_NUMBER_OBJECT_CONVERSION = YES_AGGRESSIVE;
				CLANG_CXX_LANGUAGE_STANDARD = "gnu++20";
				CLANG_ENABLE_MODULES = YES;
				CLANG_ENABLE_OBJC_ARC = YES;
				CLANG_ENABLE_OBJC_WEAK = YES;
				CLANG_WARN_BLOCK_CAPTURE_AUTORELEASING = YES;
				CLANG_WARN_BOOL_CONVERSION = YES;
				CLANG_WARN_COMMA = YES;
				CLANG_WARN_CONSTANT_CONVERSION = YES;
				CLANG_WARN_DEPRECATED_OBJC_IMPLEMENTATIONS = YES;
				CLANG_WARN_DIRECT_OBJC_ISA_USAGE = YES_ERROR;
				CLANG_WARN_DOCUMENTATION_COMMENTS = YES;
				CLANG_WARN_EMPTY_BODY = YES;
				CLANG_WARN_ENUM_CONVERSION = YES;
				CLANG_WARN_INFINITE_RECURSION = YES;
				CLANG_WARN_INT_CONVERSION = YES;
				CLANG_WARN_NON_LITERAL_NULL_CONVERSION = YES;
				CLANG_WARN_OBJC_IMPLICIT_RETAIN_SELF = YES;
				CLANG_WARN_OBJC_LITERAL_CONVERSION = YES;
				CLANG_WARN_OBJC_ROOT_CLASS = YES_ERROR;
				CLANG_WARN_QUOTED_INCLUDE_IN_FRAMEWORK_HEADER = YES;
				CLANG_WARN_RANGE_LOOP_ANALYSIS = YES;
				CLANG_WARN_STRICT_PROTOTYPES = YES;
				CLANG_WARN_SUSPICIOUS_MOVE = YES;
				CLANG_WARN_UNGUARDED_AVAILABILITY = YES_AGGRESSIVE;
				CLANG_WARN_UNREACHABLE_CODE = YES;
				CLANG_WARN__DUPLICATE_METHOD_MATCH = YES;
				COPY_PHASE_STRIP = NO;
				DEBUG_INFORMATION_FORMAT = "dwarf-with-dsym";
				ENABLE_NS_ASSERTIONS = NO;
				ENABLE_STRICT_OBJC_MSGSEND = YES;
				GCC_C_LANGUAGE_STANDARD = gnu11;
				GCC_NO_COMMON_BLOCKS = YES;
				GCC_WARN_64_TO_32_BIT_CONVERSION = YES;
				GCC_WARN_ABOUT_RETURN_TYPE = YES_ERROR;
				GCC_WARN_UNDECLARED_SELECTOR = YES;
				GCC_WARN_UNINITIALIZED_AUTOS = YES_AGGRESSIVE;
				GCC_WARN_UNUSED_FUNCTION = YES;
				GCC_WARN_UNUSED_VARIABLE = YES;
				IPHONEOS_DEPLOYMENT_TARGET = 16.2;
				MTL_ENABLE_DEBUG_INFO = NO;
				MTL_FAST_MATH = YES;
				SDKROOT = iphoneos;
				SWIFT_COMPILATION_MODE = wholemodule;
				SWIFT_OPTIMIZATION_LEVEL = "-O";
				VALIDATE_PRODUCT = YES;
			};
			name = Release;
		};
		7B88C0D729C6845500AAD1C9 /* Debug */ = {
			isa = XCBuildConfiguration;
			baseConfigurationReference = B764EB25E305ED0C08E23720 /* Pods-CompanyAPI.debug.xcconfig */;
			buildSettings = {
				ASSETCATALOG_COMPILER_APPICON_NAME = AppIcon;
				ASSETCATALOG_COMPILER_GLOBAL_ACCENT_COLOR_NAME = AccentColor;
				CODE_SIGN_STYLE = Automatic;
				CURRENT_PROJECT_VERSION = 1;
				GENERATE_INFOPLIST_FILE = YES;
				INFOPLIST_FILE = CompanyAPI/Info.plist;
				INFOPLIST_KEY_UIApplicationSupportsIndirectInputEvents = YES;
				INFOPLIST_KEY_UILaunchStoryboardName = LaunchScreen;
				INFOPLIST_KEY_UIMainStoryboardFile = Main;
				INFOPLIST_KEY_UISupportedInterfaceOrientations_iPad = "UIInterfaceOrientationPortrait UIInterfaceOrientationPortraitUpsideDown UIInterfaceOrientationLandscapeLeft UIInterfaceOrientationLandscapeRight";
				INFOPLIST_KEY_UISupportedInterfaceOrientations_iPhone = "UIInterfaceOrientationPortrait UIInterfaceOrientationLandscapeLeft UIInterfaceOrientationLandscapeRight";
				LD_RUNPATH_SEARCH_PATHS = (
					"$(inherited)",
					"@executable_path/Frameworks",
				);
				MARKETING_VERSION = 1.0;
				PRODUCT_BUNDLE_IDENTIFIER = chintan.CompanyAPI;
				PRODUCT_NAME = "$(TARGET_NAME)";
				SWIFT_EMIT_LOC_STRINGS = YES;
				SWIFT_VERSION = 5.0;
				TARGETED_DEVICE_FAMILY = "1,2";
			};
			name = Debug;
		};
		7B88C0D829C6845500AAD1C9 /* Release */ = {
			isa = XCBuildConfiguration;
			baseConfigurationReference = 1EB788460DBD33BE6BA5041C /* Pods-CompanyAPI.release.xcconfig */;
			buildSettings = {
				ASSETCATALOG_COMPILER_APPICON_NAME = AppIcon;
				ASSETCATALOG_COMPILER_GLOBAL_ACCENT_COLOR_NAME = AccentColor;
				CODE_SIGN_STYLE = Automatic;
				CURRENT_PROJECT_VERSION = 1;
				GENERATE_INFOPLIST_FILE = YES;
				INFOPLIST_FILE = CompanyAPI/Info.plist;
				INFOPLIST_KEY_UIApplicationSupportsIndirectInputEvents = YES;
				INFOPLIST_KEY_UILaunchStoryboardName = LaunchScreen;
				INFOPLIST_KEY_UIMainStoryboardFile = Main;
				INFOPLIST_KEY_UISupportedInterfaceOrientations_iPad = "UIInterfaceOrientationPortrait UIInterfaceOrientationPortraitUpsideDown UIInterfaceOrientationLandscapeLeft UIInterfaceOrientationLandscapeRight";
				INFOPLIST_KEY_UISupportedInterfaceOrientations_iPhone = "UIInterfaceOrientationPortrait UIInterfaceOrientationLandscapeLeft UIInterfaceOrientationLandscapeRight";
				LD_RUNPATH_SEARCH_PATHS = (
					"$(inherited)",
					"@executable_path/Frameworks",
				);
				MARKETING_VERSION = 1.0;
				PRODUCT_BUNDLE_IDENTIFIER = chintan.CompanyAPI;
				PRODUCT_NAME = "$(TARGET_NAME)";
				SWIFT_EMIT_LOC_STRINGS = YES;
				SWIFT_VERSION = 5.0;
				TARGETED_DEVICE_FAMILY = "1,2";
			};
			name = Release;
		};
/* End XCBuildConfiguration section */

/* Begin XCConfigurationList section */
		7B88C0BD29C6845200AAD1C9 /* Build configuration list for PBXProject "CompanyAPI" */ = {
			isa = XCConfigurationList;
			buildConfigurations = (
				7B88C0D429C6845500AAD1C9 /* Debug */,
				7B88C0D529C6845500AAD1C9 /* Release */,
			);
			defaultConfigurationIsVisible = 0;
			defaultConfigurationName = Release;
		};
		7B88C0D629C6845500AAD1C9 /* Build configuration list for PBXNativeTarget "CompanyAPI" */ = {
			isa = XCConfigurationList;
			buildConfigurations = (
				7B88C0D729C6845500AAD1C9 /* Debug */,
				7B88C0D829C6845500AAD1C9 /* Release */,
			);
			defaultConfigurationIsVisible = 0;
			defaultConfigurationName = Release;
		};
/* End XCConfigurationList section */
	};
	rootObject = 7B88C0BA29C6845200AAD1C9 /* Project object */;
}
